{
  "version": 4,
  "terraform_version": "0.12.0",
  "serial": 124,
  "lineage": "3d04ea02-a4fd-41ab-c9e5-16f54c1ccafb",
  "outputs": {
    "elb_dns_name": {
      "value": "gorilla-elb-811585759.us-east-1.elb.amazonaws.com",
      "type": "string"
    }
  },
  "resources": [
    {
      "mode": "data",
      "type": "aws_ami",
      "name": "custom",
      "provider": "provider.aws",
      "instances": [
        {
          "schema_version": 0,
          "attributes": {
            "architecture": "x86_64",
            "block_device_mappings": [
              {
                "device_name": "/dev/xvda",
                "ebs": {
                  "delete_on_termination": "true",
                  "encrypted": "false",
                  "iops": "0",
                  "snapshot_id": "snap-09e4007dfc6bb607c",
                  "volume_size": "8",
                  "volume_type": "gp2"
                },
                "no_device": "",
                "virtual_name": ""
              }
            ],
            "creation_date": "2019-05-31T21:55:38.000Z",
            "description": "",
            "executable_users": null,
            "filter": [
              {
                "name": "tag:Component",
                "values": [
                  "web"
                ]
              }
            ],
            "hypervisor": "xen",
            "id": "ami-0433d2cfb88d76c0a",
            "image_id": "ami-0433d2cfb88d76c0a",
            "image_location": "614364516128/timeoff-managementV2",
            "image_owner_alias": null,
            "image_type": "machine",
            "kernel_id": null,
            "most_recent": true,
            "name": "timeoff-managementV2",
            "name_regex": null,
            "owner_id": "614364516128",
            "owners": [
              "self"
            ],
            "platform": null,
            "product_codes": [],
            "public": false,
            "ramdisk_id": null,
            "root_device_name": "/dev/xvda",
            "root_device_type": "ebs",
            "root_snapshot_id": "snap-09e4007dfc6bb607c",
            "sriov_net_support": "simple",
            "state": "available",
            "state_reason": {
              "code": "UNSET",
              "message": "UNSET"
            },
            "tags": {
              "Component": "web"
            },
            "virtualization_type": "hvm"
          }
        }
      ]
    },
    {
      "mode": "data",
      "type": "aws_availability_zones",
      "name": "available",
      "provider": "provider.aws",
      "instances": [
        {
          "schema_version": 0,
          "attributes": {
            "blacklisted_names": null,
            "blacklisted_zone_ids": null,
            "id": "2019-06-03 06:52:25.7824634 +0000 UTC",
            "names": [
              "us-east-1a",
              "us-east-1b",
              "us-east-1c",
              "us-east-1d",
              "us-east-1e",
              "us-east-1f"
            ],
            "state": null,
            "zone_ids": [
              "use1-az1",
              "use1-az2",
              "use1-az4",
              "use1-az6",
              "use1-az3",
              "use1-az5"
            ]
          }
        }
      ]
    },
    {
      "mode": "managed",
      "type": "aws_autoscaling_group",
      "name": "gorilla-ASC",
      "provider": "provider.aws",
      "instances": [
        {
          "schema_version": 0,
          "attributes": {
            "arn": "arn:aws:autoscaling:us-east-1:614364516128:autoScalingGroup:519cb2ed-8d58-4975-8feb-f6b88730de6f:autoScalingGroupName/gorilla-ASG",
            "availability_zones": [
              "us-east-1a",
              "us-east-1b"
            ],
            "default_cooldown": 300,
            "desired_capacity": 2,
            "enabled_metrics": [],
            "force_delete": false,
            "health_check_grace_period": 300,
            "health_check_type": "ELB",
            "id": "gorilla-ASG",
            "initial_lifecycle_hook": [],
            "launch_configuration": "terraform-20190602221814473100000001",
            "launch_template": [],
            "load_balancers": [
              "gorilla-elb"
            ],
            "max_size": 6,
            "metrics_granularity": "1Minute",
            "min_elb_capacity": null,
            "min_size": 2,
            "mixed_instances_policy": [],
            "name": "gorilla-ASG",
            "name_prefix": null,
            "placement_group": "",
            "protect_from_scale_in": false,
            "service_linked_role_arn": "arn:aws:iam::614364516128:role/aws-service-role/autoscaling.amazonaws.com/AWSServiceRoleForAutoScaling",
            "suspended_processes": [],
            "tag": [
              {
                "key": "Name",
                "propagate_at_launch": true,
                "value": "timeoffmanagement-dev"
              }
            ],
            "tags": null,
            "target_group_arns": [],
            "termination_policies": [],
            "timeouts": null,
            "vpc_zone_identifier": [
              "subnet-024a271dbe26d3ca9",
              "subnet-06ab3eac20144d8cd"
            ],
            "wait_for_capacity_timeout": "10m",
            "wait_for_elb_capacity": null
          },
          "depends_on": [
            "aws_elb.gorillaELB",
            "aws_launch_configuration.gorilla_lc",
            "aws_subnet.PrivateSubnet"
          ]
        }
      ]
    },
    {
      "mode": "managed",
      "type": "aws_codebuild_project",
      "name": "CodeBuild",
      "provider": "provider.aws",
      "instances": [
        {
          "schema_version": 0,
          "attributes": {
            "arn": "arn:aws:codebuild:us-east-1:614364516128:project/gorilla-timeoffmanagement",
            "artifacts": [
              {
                "encryption_disabled": false,
                "location": "gorilla-art-s3",
                "name": "gorilla-timeoffmanagement",
                "namespace_type": "NONE",
                "packaging": "ZIP",
                "path": "",
                "type": "S3"
              }
            ],
            "badge_enabled": false,
            "badge_url": "",
            "build_timeout": 5,
            "cache": [
              {
                "location": "",
                "modes": [],
                "type": "NO_CACHE"
              }
            ],
            "description": "gorilla-timeoffmanagement",
            "encryption_key": "arn:aws:kms:us-east-1:614364516128:alias/aws/s3",
            "environment": [
              {
                "certificate": "",
                "compute_type": "BUILD_GENERAL1_SMALL",
                "environment_variable": [
                  {
                    "name": "Name",
                    "type": "PLAINTEXT",
                    "value": "gorilla-timeoffmanagement-CB"
                  },
                  {
                    "name": "BillingCode",
                    "type": "PLAINTEXT",
                    "value": "ACCT8675309"
                  }
                ],
                "image": "aws/codebuild/standard:2.0",
                "image_pull_credentials_type": "CODEBUILD",
                "privileged_mode": false,
                "type": "LINUX_CONTAINER"
              }
            ],
            "id": "arn:aws:codebuild:us-east-1:614364516128:project/gorilla-timeoffmanagement",
            "name": "gorilla-timeoffmanagement",
            "secondary_artifacts": [],
            "secondary_sources": [],
            "service_role": "arn:aws:iam::614364516128:role/CodeBuildRole",
            "source": [
              {
                "auth": [],
                "buildspec": "",
                "git_clone_depth": 1,
                "insecure_ssl": false,
                "location": "https://github.com/juanpcamacho/application.git",
                "report_build_status": false,
                "type": "GITHUB"
              }
            ],
            "tags": {
              "BillingCode": "ACCT8675309",
              "Environment": "dev",
              "Name": "dev-CBP"
            },
            "vpc_config": []
          },
          "depends_on": [
            "aws_iam_role.CodeBuildRole",
            "aws_s3_bucket.b"
          ]
        }
      ]
    },
    {
      "mode": "managed",
      "type": "aws_codedeploy_app",
      "name": "CodeDeploy",
      "provider": "provider.aws",
      "instances": [
        {
          "schema_version": 0,
          "attributes": {
            "compute_platform": "Server",
            "id": "ed2f19e5-0d6e-43a4-9672-dcc442a78c3e:gorilla-timeoffmanagement",
            "name": "gorilla-timeoffmanagement",
            "unique_id": null
          }
        }
      ]
    },
    {
      "mode": "managed",
      "type": "aws_codedeploy_deployment_config",
      "name": "CodeDeploy-Conf",
      "provider": "provider.aws",
      "instances": [
        {
          "schema_version": 0,
          "attributes": {
            "compute_platform": "Server",
            "deployment_config_id": "6231d0ff-1544-4379-b41d-b2aba1fe9525",
            "deployment_config_name": "Healthy",
            "id": "Healthy",
            "minimum_healthy_hosts": [
              {
                "type": "HOST_COUNT",
                "value": 1
              }
            ],
            "traffic_routing_config": []
          }
        }
      ]
    },
    {
      "mode": "managed",
      "type": "aws_codedeploy_deployment_group",
      "name": "CodeDeploy-GP",
      "provider": "provider.aws",
      "instances": [
        {
          "schema_version": 0,
          "attributes": {
            "alarm_configuration": [],
            "app_name": "gorilla-timeoffmanagement",
            "auto_rollback_configuration": [
              {
                "enabled": true,
                "events": [
                  "DEPLOYMENT_FAILURE"
                ]
              }
            ],
            "autoscaling_groups": [],
            "blue_green_deployment_config": [],
            "deployment_config_name": "CodeDeployDefault.OneAtATime",
            "deployment_group_name": "gorilla-timeoffmanagement-dgn",
            "deployment_style": [
              {
                "deployment_option": "WITHOUT_TRAFFIC_CONTROL",
                "deployment_type": "IN_PLACE"
              }
            ],
            "ec2_tag_filter": [],
            "ec2_tag_set": [
              {
                "ec2_tag_filter": [
                  {
                    "key": "Name",
                    "type": "KEY_AND_VALUE",
                    "value": "timeoffmanagement-dev"
                  }
                ]
              }
            ],
            "ecs_service": [],
            "id": "10442bbd-57b2-4446-a206-9ccc83f65172",
            "load_balancer_info": [],
            "on_premises_instance_tag_filter": [],
            "service_role_arn": "arn:aws:iam::614364516128:role/CodeDeploy",
            "trigger_configuration": []
          },
          "depends_on": [
            "aws_codedeploy_app.CodeDeploy",
            "aws_iam_role.CodeDeployRole"
          ]
        }
      ]
    },
    {
      "mode": "managed",
      "type": "aws_codepipeline",
      "name": "codepipeline",
      "provider": "provider.aws",
      "instances": [
        {
          "schema_version": 0,
          "attributes": {
            "arn": "arn:aws:codepipeline:us-east-1:614364516128:gorilla-timeoffmanagement-pl",
            "artifact_store": [
              {
                "encryption_key": [],
                "location": "gorilla-art-s3",
                "type": "S3"
              }
            ],
            "id": "gorilla-timeoffmanagement-pl",
            "name": "gorilla-timeoffmanagement-pl",
            "role_arn": "arn:aws:iam::614364516128:role/CodePipeline",
            "stage": [
              {
                "action": [
                  {
                    "category": "Source",
                    "configuration": {
                      "Branch": "master",
                      "Owner": "juanpcamacho",
                      "Repo": "application"
                    },
                    "input_artifacts": [],
                    "name": "GitHub",
                    "output_artifacts": [
                      "source_output"
                    ],
                    "owner": "ThirdParty",
                    "provider": "GitHub",
                    "role_arn": "",
                    "run_order": 1,
                    "version": "1"
                  }
                ],
                "name": "Source"
              },
              {
                "action": [
                  {
                    "category": "Build",
                    "configuration": {
                      "ProjectName": "gorilla-timeoffmanagement"
                    },
                    "input_artifacts": [
                      "source_output"
                    ],
                    "name": "Build",
                    "output_artifacts": [
                      "build_output"
                    ],
                    "owner": "AWS",
                    "provider": "CodeBuild",
                    "role_arn": "",
                    "run_order": 1,
                    "version": "1"
                  }
                ],
                "name": "Build"
              },
              {
                "action": [
                  {
                    "category": "Deploy",
                    "configuration": {
                      "ApplicationName": "gorilla-timeoffmanagement",
                      "DeploymentGroupName": "gorilla-timeoffmanagement-dgn"
                    },
                    "input_artifacts": [
                      "build_output"
                    ],
                    "name": "Deploy",
                    "output_artifacts": [],
                    "owner": "AWS",
                    "provider": "CodeDeploy",
                    "role_arn": "",
                    "run_order": 1,
                    "version": "1"
                  }
                ],
                "name": "Deploy"
              }
            ]
          },
          "depends_on": [
            "aws_codebuild_project.CodeBuild",
            "aws_codedeploy_app.CodeDeploy",
            "aws_codedeploy_deployment_group.CodeDeploy-GP",
            "aws_iam_role.CodePipeline",
            "aws_s3_bucket.b"
          ]
        }
      ]
    },
    {
      "mode": "managed",
      "type": "aws_codepipeline_webhook",
      "name": "bar",
      "provider": "provider.aws",
      "instances": [
        {
          "schema_version": 0,
          "attributes": {
            "authentication": "GITHUB_HMAC",
            "authentication_configuration": [
              {
                "allowed_ip_range": "",
                "secret_token": "super-secret"
              }
            ],
            "filter": [
              {
                "json_path": "$.ref",
                "match_equals": "refs/heads/{Branch}"
              }
            ],
            "id": "arn:aws:codepipeline:us-east-1:614364516128:webhook:test-webhook-github-bar",
            "name": "test-webhook-github-bar",
            "target_action": "Source",
            "target_pipeline": "gorilla-timeoffmanagement-pl",
            "url": "https://us-east-1.webhooks.aws/trigger?t=eyJlbmNyeXB0ZWREYXRhIjoiZWxNOG1jQmJGaVVDVE43MFFoN2cycmRLdGYwOVFNUDNGR0RVdFVNRXR3REFlVFpCc3dUbWlvaFJzTEtoR21FdU9vRS8wbmpkSFdiaTJsamt6MkpDVVhBcFoxZ0pzR2hwT1piR3RJb3EzbDIzQnRiMEdxNksvdWIwSGc1SURCQzFyK2JjcTRXaWNVbytlZzBsQ0hTMlJjWlQvb2VjMjNjc2VtZ0UwSnJGQmhHLzJnPT0iLCJpdlBhcmFtZXRlclNwZWMiOiJLZitVdFJsdE1FWERKbmJXIiwibWF0ZXJpYWxTZXRTZXJpYWwiOjF9\u0026v=1"
          },
          "depends_on": [
            "aws_codepipeline.codepipeline"
          ]
        }
      ]
    },
    {
      "mode": "managed",
      "type": "aws_eip",
      "name": "nat",
      "provider": "provider.aws",
      "instances": [
        {
          "schema_version": 0,
          "attributes": {
            "allocation_id": null,
            "associate_with_private_ip": null,
            "association_id": "eipassoc-089ec0f658acf83e1",
            "domain": "vpc",
            "id": "eipalloc-03b21f7a33573f91a",
            "instance": "",
            "network_interface": "eni-034544ab052292733",
            "private_dns": "ip-10-0-1-6.ec2.internal",
            "private_ip": "10.0.1.6",
            "public_dns": "ec2-3-93-230-225.compute-1.amazonaws.com",
            "public_ip": "3.93.230.225",
            "public_ipv4_pool": "amazon",
            "tags": {
              "BillingCode": "ACCT8675309",
              "Environment": "dev",
              "Name": "EIP"
            },
            "timeouts": null,
            "vpc": true
          }
        }
      ]
    },
    {
      "mode": "managed",
      "type": "aws_elb",
      "name": "gorillaELB",
      "provider": "provider.aws",
      "instances": [
        {
          "schema_version": 0,
          "attributes": {
            "access_logs": [],
            "arn": "arn:aws:elasticloadbalancing:us-east-1:614364516128:loadbalancer/gorilla-elb",
            "availability_zones": [
              "us-east-1a",
              "us-east-1b"
            ],
            "connection_draining": true,
            "connection_draining_timeout": 400,
            "cross_zone_load_balancing": true,
            "dns_name": "gorilla-elb-811585759.us-east-1.elb.amazonaws.com",
            "health_check": [
              {
                "healthy_threshold": 2,
                "interval": 30,
                "target": "tcp:3000",
                "timeout": 3,
                "unhealthy_threshold": 2
              }
            ],
            "id": "gorilla-elb",
            "idle_timeout": 400,
            "instances": [
              "i-00d6c1aeb6804fa17",
              "i-0c85474431a1c5e8d"
            ],
            "internal": false,
            "listener": [
              {
                "instance_port": 3000,
                "instance_protocol": "http",
                "lb_port": 80,
                "lb_protocol": "http",
                "ssl_certificate_id": ""
              }
            ],
            "name": "gorilla-elb",
            "name_prefix": null,
            "security_groups": [
              "sg-08c88a9da4c06bb11"
            ],
            "source_security_group": "614364516128/nginx_elb_sg",
            "source_security_group_id": "sg-08c88a9da4c06bb11",
            "subnets": [
              "subnet-083e870a1d23502da",
              "subnet-0cdf206465f250fe8"
            ],
            "tags": {
              "BillingCode": "ACCT8675309",
              "Environment": "dev",
              "Name": "dev-elb"
            },
            "zone_id": "Z35SXDOTRQ7X7K"
          },
          "depends_on": [
            "aws_security_group.elb-sg",
            "aws_subnet.PublicSubnet"
          ]
        }
      ]
    },
    {
      "mode": "managed",
      "type": "aws_iam_role",
      "name": "CodeBuildRole",
      "provider": "provider.aws",
      "instances": [
        {
          "schema_version": 0,
          "attributes": {
            "arn": "arn:aws:iam::614364516128:role/CodeBuildRole",
            "assume_role_policy": "{\"Version\":\"2012-10-17\",\"Statement\":[{\"Effect\":\"Allow\",\"Principal\":{\"Service\":\"codebuild.amazonaws.com\"},\"Action\":\"sts:AssumeRole\"}]}",
            "create_date": "2019-06-02T23:17:45Z",
            "description": "",
            "force_detach_policies": false,
            "id": "CodeBuildRole",
            "max_session_duration": 3600,
            "name": "CodeBuildRole",
            "name_prefix": null,
            "path": "/",
            "permissions_boundary": null,
            "tags": {},
            "unique_id": "AROAY6CX2R4QOUGBQLBP3"
          }
        }
      ]
    },
    {
      "mode": "managed",
      "type": "aws_iam_role",
      "name": "CodeDeployRole",
      "provider": "provider.aws",
      "instances": [
        {
          "schema_version": 0,
          "attributes": {
            "arn": "arn:aws:iam::614364516128:role/CodeDeploy",
            "assume_role_policy": "{\"Version\":\"2012-10-17\",\"Statement\":[{\"Sid\":\"\",\"Effect\":\"Allow\",\"Principal\":{\"Service\":\"codedeploy.amazonaws.com\"},\"Action\":\"sts:AssumeRole\"}]}",
            "create_date": "2019-06-03T03:11:56Z",
            "description": "",
            "force_detach_policies": false,
            "id": "CodeDeploy",
            "max_session_duration": 3600,
            "name": "CodeDeploy",
            "name_prefix": null,
            "path": "/",
            "permissions_boundary": null,
            "tags": {},
            "unique_id": "AROAY6CX2R4QFVM4IR6BD"
          }
        }
      ]
    },
    {
      "mode": "managed",
      "type": "aws_iam_role",
      "name": "CodePipeline",
      "provider": "provider.aws",
      "instances": [
        {
          "schema_version": 0,
          "attributes": {
            "arn": "arn:aws:iam::614364516128:role/CodePipeline",
            "assume_role_policy": "{\"Version\":\"2012-10-17\",\"Statement\":[{\"Effect\":\"Allow\",\"Principal\":{\"Service\":\"codepipeline.amazonaws.com\"},\"Action\":\"sts:AssumeRole\"}]}",
            "create_date": "2019-06-03T03:36:38Z",
            "description": "",
            "force_detach_policies": false,
            "id": "CodePipeline",
            "max_session_duration": 3600,
            "name": "CodePipeline",
            "name_prefix": null,
            "path": "/",
            "permissions_boundary": null,
            "tags": {},
            "unique_id": "AROAY6CX2R4QKQQVLHEA2"
          }
        }
      ]
    },
    {
      "mode": "managed",
      "type": "aws_iam_role_policy",
      "name": "CodeBuildRole",
      "provider": "provider.aws",
      "instances": [
        {
          "schema_version": 0,
          "attributes": {
            "id": "CodeBuildRole:terraform-20190602231756491800000001",
            "name": "terraform-20190602231756491800000001",
            "name_prefix": null,
            "policy": "{\n  \"Version\": \"2012-10-17\",\n  \"Statement\": [\n    {\n      \"Effect\": \"Allow\",\n      \"Resource\": [\n        \"*\"\n      ],\n      \"Action\": [\n        \"logs:CreateLogGroup\",\n        \"logs:CreateLogStream\",\n        \"logs:PutLogEvents\"\n      ]\n    },\n    {\n      \"Effect\": \"Allow\",\n      \"Action\": [\n        \"ec2:CreateNetworkInterface\",\n        \"ec2:DescribeDhcpOptions\",\n        \"ec2:DescribeNetworkInterfaces\",\n        \"ec2:DeleteNetworkInterface\",\n        \"ec2:DescribeSubnets\",\n        \"ec2:DescribeSecurityGroups\",\n        \"ec2:DescribeVpcs\"\n      ],\n      \"Resource\": \"*\"\n    },\n    {\n      \"Effect\": \"Allow\",\n      \"Action\": [\n        \"s3:*\"\n      ],\n      \"Resource\": [\n        \"arn:aws:s3:::gorilla-art-s3\",\n        \"arn:aws:s3:::gorilla-art-s3/*\"\n      ]\n    }\n  ]\n}\n",
            "role": "CodeBuildRole"
          },
          "depends_on": [
            "aws_iam_role.CodeBuildRole",
            "aws_s3_bucket.b"
          ]
        }
      ]
    },
    {
      "mode": "managed",
      "type": "aws_iam_role_policy",
      "name": "codepipeline_policy",
      "provider": "provider.aws",
      "instances": [
        {
          "schema_version": 0,
          "attributes": {
            "id": "CodePipeline:codepipeline_policy",
            "name": "codepipeline_policy",
            "name_prefix": null,
            "policy": "{\n  \"Version\": \"2012-10-17\",\n  \"Statement\": [\n    {\n      \"Effect\":\"Allow\",\n      \"Action\":\"s3:*\",\n      \"Resource\": [\n        \"arn:aws:s3:::gorilla-art-s3\",\n        \"arn:aws:s3:::gorilla-art-s3/*\"\n      ]\n    },\n    {\n      \"Effect\": \"Allow\",\n      \"Action\": [\n        \"codebuild:BatchGetBuilds\",\n        \"codebuild:StartBuild\"\n      ],\n      \"Resource\": \"*\"\n    },\n    {\n      \"Effect\": \"Allow\",\n      \"Action\": \"codedeploy:*\",\n      \"Resource\": \"*\"\n    }\n  ]\n}\n",
            "role": "CodePipeline"
          },
          "depends_on": [
            "aws_iam_role.CodePipeline",
            "aws_s3_bucket.b"
          ]
        }
      ]
    },
    {
      "mode": "managed",
      "type": "aws_iam_role_policy_attachment",
      "name": "AWSCodeDeployRole",
      "provider": "provider.aws",
      "instances": [
        {
          "schema_version": 0,
          "attributes": {
            "id": "CodeDeploy-20190603032536756100000001",
            "policy_arn": "arn:aws:iam::aws:policy/service-role/AWSCodeDeployRole",
            "role": "CodeDeploy"
          },
          "depends_on": [
            "aws_iam_role.CodeDeployRole"
          ]
        }
      ]
    },
    {
      "mode": "managed",
      "type": "aws_instance",
      "name": "bastion",
      "provider": "provider.aws",
      "instances": [
        {
          "schema_version": 1,
          "attributes": {
            "ami": "ami-0c6b1d09930fac512",
            "arn": "arn:aws:ec2:us-east-1:614364516128:instance/i-0618a48bfcc035bed",
            "associate_public_ip_address": true,
            "availability_zone": "us-east-1a",
            "cpu_core_count": 1,
            "cpu_threads_per_core": 1,
            "credit_specification": [
              {
                "cpu_credits": "standard"
              }
            ],
            "disable_api_termination": false,
            "ebs_block_device": [],
            "ebs_optimized": false,
            "ephemeral_block_device": [],
            "get_password_data": false,
            "host_id": null,
            "iam_instance_profile": "EC2",
            "id": "i-0618a48bfcc035bed",
            "instance_initiated_shutdown_behavior": null,
            "instance_state": "running",
            "instance_type": "t2.micro",
            "ipv6_address_count": 0,
            "ipv6_addresses": [],
            "key_name": "etax",
            "monitoring": false,
            "network_interface": [],
            "network_interface_id": null,
            "password_data": "",
            "placement_group": "",
            "primary_network_interface_id": "eni-03bdd5ceaaabdf32c",
            "private_dns": "ip-10-0-1-151.ec2.internal",
            "private_ip": "10.0.1.151",
            "public_dns": "",
            "public_ip": "100.24.120.242",
            "root_block_device": [
              {
                "delete_on_termination": true,
                "iops": 100,
                "volume_id": "vol-04d8b63753c268c16",
                "volume_size": 8,
                "volume_type": "gp2"
              }
            ],
            "security_groups": [],
            "source_dest_check": false,
            "subnet_id": "subnet-0cdf206465f250fe8",
            "tags": {
              "BillingCode": "ACCT8675309",
              "Environment": "dev",
              "Name": "dev-Bastion"
            },
            "tenancy": "default",
            "timeouts": null,
            "user_data": null,
            "user_data_base64": null,
            "volume_tags": {},
            "vpc_security_group_ids": [
              "sg-0f86f81b8ec8b5570"
            ]
          },
          "depends_on": [
            "aws_security_group.nginx-sg",
            "aws_subnet.PublicSubnet"
          ]
        }
      ]
    },
    {
      "mode": "managed",
      "type": "aws_internet_gateway",
      "name": "igw",
      "provider": "provider.aws",
      "instances": [
        {
          "schema_version": 0,
          "attributes": {
            "id": "igw-0616639fb661a80e6",
            "owner_id": "614364516128",
            "tags": {
              "BillingCode": "ACCT8675309",
              "Environment": "dev",
              "Name": "dev-igw"
            },
            "vpc_id": "vpc-0e491c0b412e97012"
          },
          "depends_on": [
            "aws_vpc.vpc"
          ]
        }
      ]
    },
    {
      "mode": "managed",
      "type": "aws_launch_configuration",
      "name": "gorilla_lc",
      "provider": "provider.aws",
      "instances": [
        {
          "schema_version": 0,
          "attributes": {
            "associate_public_ip_address": false,
            "ebs_block_device": [],
            "ebs_optimized": false,
            "enable_monitoring": true,
            "ephemeral_block_device": [],
            "iam_instance_profile": "EC2",
            "id": "terraform-20190602221814473100000001",
            "image_id": "ami-0433d2cfb88d76c0a",
            "instance_type": "t2.micro",
            "key_name": "etax",
            "name": "terraform-20190602221814473100000001",
            "name_prefix": null,
            "placement_tenancy": null,
            "root_block_device": [],
            "security_groups": [
              "sg-0f86f81b8ec8b5570"
            ],
            "spot_price": "",
            "user_data": "44e8246ccf24ecda01b85ac9da64fdec881b1fcd",
            "user_data_base64": null,
            "vpc_classic_link_id": "",
            "vpc_classic_link_security_groups": []
          },
          "depends_on": [
            "aws_security_group.nginx-sg",
            "data.aws_ami.custom"
          ]
        }
      ]
    },
    {
      "mode": "managed",
      "type": "aws_nat_gateway",
      "name": "NATgw",
      "provider": "provider.aws",
      "instances": [
        {
          "schema_version": 0,
          "attributes": {
            "allocation_id": "eipalloc-03b21f7a33573f91a",
            "id": "nat-04e5e90cb1885196d",
            "network_interface_id": "eni-034544ab052292733",
            "private_ip": "10.0.1.6",
            "public_ip": "3.93.230.225",
            "subnet_id": "subnet-0cdf206465f250fe8",
            "tags": {
              "BillingCode": "ACCT8675309",
              "Environment": "dev",
              "Name": "NAT-GW"
            }
          },
          "depends_on": [
            "aws_eip.nat",
            "aws_subnet.PublicSubnet"
          ]
        }
      ]
    },
    {
      "mode": "managed",
      "type": "aws_route_table",
      "name": "Prvrtb",
      "provider": "provider.aws",
      "instances": [
        {
          "schema_version": 0,
          "attributes": {
            "id": "rtb-0442028a7e98e7481",
            "owner_id": "614364516128",
            "propagating_vgws": [],
            "route": [
              {
                "cidr_block": "0.0.0.0/0",
                "egress_only_gateway_id": "",
                "gateway_id": "",
                "instance_id": "",
                "ipv6_cidr_block": "",
                "nat_gateway_id": "nat-04e5e90cb1885196d",
                "network_interface_id": "",
                "transit_gateway_id": "",
                "vpc_peering_connection_id": ""
              }
            ],
            "tags": {
              "BillingCode": "ACCT8675309",
              "Environment": "dev",
              "Name": "dev-Prvrtb"
            },
            "vpc_id": "vpc-0e491c0b412e97012"
          },
          "depends_on": [
            "aws_nat_gateway.NATgw",
            "aws_vpc.vpc"
          ]
        }
      ]
    },
    {
      "mode": "managed",
      "type": "aws_route_table",
      "name": "Pubrtb",
      "provider": "provider.aws",
      "instances": [
        {
          "schema_version": 0,
          "attributes": {
            "id": "rtb-079137f5841f837a6",
            "owner_id": "614364516128",
            "propagating_vgws": [],
            "route": [
              {
                "cidr_block": "0.0.0.0/0",
                "egress_only_gateway_id": "",
                "gateway_id": "igw-0616639fb661a80e6",
                "instance_id": "",
                "ipv6_cidr_block": "",
                "nat_gateway_id": "",
                "network_interface_id": "",
                "transit_gateway_id": "",
                "vpc_peering_connection_id": ""
              }
            ],
            "tags": {
              "BillingCode": "ACCT8675309",
              "Environment": "dev",
              "Name": "dev-Pubrtb"
            },
            "vpc_id": "vpc-0e491c0b412e97012"
          },
          "depends_on": [
            "aws_internet_gateway.igw",
            "aws_vpc.vpc"
          ]
        }
      ]
    },
    {
      "mode": "managed",
      "type": "aws_route_table_association",
      "name": "Privrta-subnet",
      "each": "list",
      "provider": "provider.aws",
      "instances": [
        {
          "index_key": 0,
          "schema_version": 0,
          "attributes": {
            "id": "rtbassoc-097ffc03dfd401f73",
            "route_table_id": "rtb-0442028a7e98e7481",
            "subnet_id": "subnet-024a271dbe26d3ca9"
          },
          "depends_on": [
            "aws_route_table.Prvrtb",
            "aws_subnet.PrivateSubnet"
          ]
        },
        {
          "index_key": 1,
          "schema_version": 0,
          "attributes": {
            "id": "rtbassoc-09090a62e5ad59766",
            "route_table_id": "rtb-0442028a7e98e7481",
            "subnet_id": "subnet-06ab3eac20144d8cd"
          },
          "depends_on": [
            "aws_route_table.Prvrtb",
            "aws_subnet.PrivateSubnet"
          ]
        }
      ]
    },
    {
      "mode": "managed",
      "type": "aws_route_table_association",
      "name": "Pubrta-subnet",
      "each": "list",
      "provider": "provider.aws",
      "instances": [
        {
          "index_key": 0,
          "schema_version": 0,
          "attributes": {
            "id": "rtbassoc-0a31ccfc55c33b11d",
            "route_table_id": "rtb-079137f5841f837a6",
            "subnet_id": "subnet-0cdf206465f250fe8"
          },
          "depends_on": [
            "aws_route_table.Pubrtb",
            "aws_subnet.PublicSubnet"
          ]
        },
        {
          "index_key": 1,
          "schema_version": 0,
          "attributes": {
            "id": "rtbassoc-0b50525854e6360e1",
            "route_table_id": "rtb-079137f5841f837a6",
            "subnet_id": "subnet-083e870a1d23502da"
          },
          "depends_on": [
            "aws_route_table.Pubrtb",
            "aws_subnet.PublicSubnet"
          ]
        }
      ]
    },
    {
      "mode": "managed",
      "type": "aws_s3_bucket",
      "name": "b",
      "provider": "provider.aws",
      "instances": [
        {
          "schema_version": 0,
          "attributes": {
            "acceleration_status": "",
            "acl": "private",
            "arn": "arn:aws:s3:::gorilla-art-s3",
            "bucket": "gorilla-art-s3",
            "bucket_domain_name": "gorilla-art-s3.s3.amazonaws.com",
            "bucket_prefix": null,
            "bucket_regional_domain_name": "gorilla-art-s3.s3.amazonaws.com",
            "cors_rule": [],
            "force_destroy": false,
            "hosted_zone_id": "Z3AQBSTGFYJSTF",
            "id": "gorilla-art-s3",
            "lifecycle_rule": [],
            "logging": [],
            "object_lock_configuration": [],
            "policy": null,
            "region": "us-east-1",
            "replication_configuration": [],
            "request_payer": "BucketOwner",
            "server_side_encryption_configuration": [],
            "tags": {
              "BillingCode": "ACCT8675309",
              "Environment": "dev",
              "Name": "dev-S3"
            },
            "versioning": [
              {
                "enabled": false,
                "mfa_delete": false
              }
            ],
            "website": [],
            "website_domain": null,
            "website_endpoint": null
          }
        }
      ]
    },
    {
      "mode": "managed",
      "type": "aws_security_group",
      "name": "elb-sg",
      "provider": "provider.aws",
      "instances": [
        {
          "schema_version": 1,
          "attributes": {
            "arn": "arn:aws:ec2:us-east-1:614364516128:security-group/sg-08c88a9da4c06bb11",
            "description": "Managed by Terraform",
            "egress": [
              {
                "cidr_blocks": [
                  "0.0.0.0/0"
                ],
                "description": "",
                "from_port": 0,
                "ipv6_cidr_blocks": [],
                "prefix_list_ids": [],
                "protocol": "-1",
                "security_groups": [],
                "self": false,
                "to_port": 0
              }
            ],
            "id": "sg-08c88a9da4c06bb11",
            "ingress": [
              {
                "cidr_blocks": [
                  "0.0.0.0/0"
                ],
                "description": "",
                "from_port": 80,
                "ipv6_cidr_blocks": [],
                "prefix_list_ids": [],
                "protocol": "tcp",
                "security_groups": [],
                "self": false,
                "to_port": 80
              }
            ],
            "name": "nginx_elb_sg",
            "name_prefix": null,
            "owner_id": "614364516128",
            "revoke_rules_on_delete": false,
            "tags": {
              "BillingCode": "ACCT8675309",
              "Environment": "dev",
              "Name": "dev-elb-sg"
            },
            "timeouts": null,
            "vpc_id": "vpc-0e491c0b412e97012"
          },
          "depends_on": [
            "aws_vpc.vpc"
          ]
        }
      ]
    },
    {
      "mode": "managed",
      "type": "aws_security_group",
      "name": "nginx-sg",
      "provider": "provider.aws",
      "instances": [
        {
          "schema_version": 1,
          "attributes": {
            "arn": "arn:aws:ec2:us-east-1:614364516128:security-group/sg-0f86f81b8ec8b5570",
            "description": "Managed by Terraform",
            "egress": [
              {
                "cidr_blocks": [
                  "0.0.0.0/0"
                ],
                "description": "",
                "from_port": 0,
                "ipv6_cidr_blocks": [],
                "prefix_list_ids": [],
                "protocol": "-1",
                "security_groups": [],
                "self": false,
                "to_port": 0
              }
            ],
            "id": "sg-0f86f81b8ec8b5570",
            "ingress": [
              {
                "cidr_blocks": [
                  "0.0.0.0/0"
                ],
                "description": "",
                "from_port": 22,
                "ipv6_cidr_blocks": [],
                "prefix_list_ids": [],
                "protocol": "tcp",
                "security_groups": [],
                "self": false,
                "to_port": 22
              },
              {
                "cidr_blocks": [
                  "10.0.0.0/16"
                ],
                "description": "",
                "from_port": 3000,
                "ipv6_cidr_blocks": [],
                "prefix_list_ids": [],
                "protocol": "tcp",
                "security_groups": [],
                "self": false,
                "to_port": 3000
              },
              {
                "cidr_blocks": [
                  "10.0.0.0/16"
                ],
                "description": "",
                "from_port": 80,
                "ipv6_cidr_blocks": [],
                "prefix_list_ids": [],
                "protocol": "tcp",
                "security_groups": [],
                "self": false,
                "to_port": 80
              }
            ],
            "name": "nginx_sg",
            "name_prefix": null,
            "owner_id": "614364516128",
            "revoke_rules_on_delete": false,
            "tags": {
              "BillingCode": "ACCT8675309",
              "Environment": "dev",
              "Name": "dev-nginx-sg"
            },
            "timeouts": null,
            "vpc_id": "vpc-0e491c0b412e97012"
          },
          "depends_on": [
            "aws_vpc.vpc"
          ]
        }
      ]
    },
    {
      "mode": "managed",
      "type": "aws_subnet",
      "name": "PrivateSubnet",
      "each": "list",
      "provider": "provider.aws",
      "instances": [
        {
          "index_key": 0,
          "schema_version": 1,
          "attributes": {
            "arn": "arn:aws:ec2:us-east-1:614364516128:subnet/subnet-024a271dbe26d3ca9",
            "assign_ipv6_address_on_creation": false,
            "availability_zone": "us-east-1a",
            "availability_zone_id": "use1-az1",
            "cidr_block": "10.0.3.0/24",
            "id": "subnet-024a271dbe26d3ca9",
            "ipv6_cidr_block": "",
            "ipv6_cidr_block_association_id": "",
            "map_public_ip_on_launch": false,
            "owner_id": "614364516128",
            "tags": {
              "BillingCode": "ACCT8675309",
              "Environment": "dev",
              "Name": "Private-subnet-1"
            },
            "timeouts": null,
            "vpc_id": "vpc-0e491c0b412e97012"
          },
          "depends_on": [
            "aws_vpc.vpc",
            "data.aws_availability_zones.available"
          ]
        },
        {
          "index_key": 1,
          "schema_version": 1,
          "attributes": {
            "arn": "arn:aws:ec2:us-east-1:614364516128:subnet/subnet-06ab3eac20144d8cd",
            "assign_ipv6_address_on_creation": false,
            "availability_zone": "us-east-1b",
            "availability_zone_id": "use1-az2",
            "cidr_block": "10.0.4.0/24",
            "id": "subnet-06ab3eac20144d8cd",
            "ipv6_cidr_block": "",
            "ipv6_cidr_block_association_id": "",
            "map_public_ip_on_launch": false,
            "owner_id": "614364516128",
            "tags": {
              "BillingCode": "ACCT8675309",
              "Environment": "dev",
              "Name": "Private-subnet-2"
            },
            "timeouts": null,
            "vpc_id": "vpc-0e491c0b412e97012"
          },
          "depends_on": [
            "aws_vpc.vpc",
            "data.aws_availability_zones.available"
          ]
        }
      ]
    },
    {
      "mode": "managed",
      "type": "aws_subnet",
      "name": "PublicSubnet",
      "each": "list",
      "provider": "provider.aws",
      "instances": [
        {
          "index_key": 0,
          "schema_version": 1,
          "attributes": {
            "arn": "arn:aws:ec2:us-east-1:614364516128:subnet/subnet-0cdf206465f250fe8",
            "assign_ipv6_address_on_creation": false,
            "availability_zone": "us-east-1a",
            "availability_zone_id": "use1-az1",
            "cidr_block": "10.0.1.0/24",
            "id": "subnet-0cdf206465f250fe8",
            "ipv6_cidr_block": "",
            "ipv6_cidr_block_association_id": "",
            "map_public_ip_on_launch": true,
            "owner_id": "614364516128",
            "tags": {
              "BillingCode": "ACCT8675309",
              "Environment": "dev",
              "Name": "Public-subnet-1"
            },
            "timeouts": null,
            "vpc_id": "vpc-0e491c0b412e97012"
          },
          "depends_on": [
            "aws_vpc.vpc",
            "data.aws_availability_zones.available"
          ]
        },
        {
          "index_key": 1,
          "schema_version": 1,
          "attributes": {
            "arn": "arn:aws:ec2:us-east-1:614364516128:subnet/subnet-083e870a1d23502da",
            "assign_ipv6_address_on_creation": false,
            "availability_zone": "us-east-1b",
            "availability_zone_id": "use1-az2",
            "cidr_block": "10.0.2.0/24",
            "id": "subnet-083e870a1d23502da",
            "ipv6_cidr_block": "",
            "ipv6_cidr_block_association_id": "",
            "map_public_ip_on_launch": true,
            "owner_id": "614364516128",
            "tags": {
              "BillingCode": "ACCT8675309",
              "Environment": "dev",
              "Name": "Public-subnet-2"
            },
            "timeouts": null,
            "vpc_id": "vpc-0e491c0b412e97012"
          },
          "depends_on": [
            "aws_vpc.vpc",
            "data.aws_availability_zones.available"
          ]
        }
      ]
    },
    {
      "mode": "managed",
      "type": "aws_vpc",
      "name": "vpc",
      "provider": "provider.aws",
      "instances": [
        {
          "schema_version": 1,
          "attributes": {
            "arn": "arn:aws:ec2:us-east-1:614364516128:vpc/vpc-0e491c0b412e97012",
            "assign_generated_ipv6_cidr_block": false,
            "cidr_block": "10.0.0.0/16",
            "default_network_acl_id": "acl-09ca435e50ef25876",
            "default_route_table_id": "rtb-0dd87bee668575421",
            "default_security_group_id": "sg-05ceb7da0be73318d",
            "dhcp_options_id": "dopt-4189b13a",
            "enable_classiclink": false,
            "enable_classiclink_dns_support": false,
            "enable_dns_hostnames": false,
            "enable_dns_support": true,
            "id": "vpc-0e491c0b412e97012",
            "instance_tenancy": "default",
            "ipv6_association_id": "",
            "ipv6_cidr_block": "",
            "main_route_table_id": "rtb-0dd87bee668575421",
            "owner_id": "614364516128",
            "tags": {
              "BillingCode": "ACCT8675309",
              "Environment": "dev",
              "Name": "dev-vpc"
            }
          }
        }
      ]
    },
    {
      "mode": "managed",
      "type": "github_repository_webhook",
      "name": "bar",
      "provider": "provider.github",
      "instances": []
    }
  ]
}
